
Microsoft Visual Studio Solution File, Format Version 12.00
# Visual Studio 15
VisualStudioVersion = 15.0.26403.7
MinimumVisualStudioVersion = 10.0.40219.1
Project("{FAE04EC0-301F-11D3-BF4B-00C04F79EFBC}") = "PalindromChecker", "PalindromChecker\PalindromChecker.csproj", "{FEE0EB31-0874-4FE6-820B-6FFFE361BBC2}"
EndProject
Project("{FAE04EC0-301F-11D3-BF4B-00C04F79EFBC}") = "PalindromChecker2", "PalindromChecker2\PalindromChecker2.csproj", "{6822F11F-8B59-4021-A364-D1C122A7D8A3}"
EndProject
Global
	GlobalSection(SolutionConfigurationPlatforms) = preSolution
		Debug|Any CPU = Debug|Any CPU
		Release|Any CPU = Release|Any CPU
	EndGlobalSection
	GlobalSection(ProjectConfigurationPlatforms) = postSolution
		{FEE0EB31-0874-4FE6-820B-6FFFE361BBC2}.Debug|Any CPU.ActiveCfg = Debug|Any CPU
		{FEE0EB31-0874-4FE6-820B-6FFFE361BBC2}.Debug|Any CPU.Build.0 = Debug|Any CPU
		{FEE0EB31-0874-4FE6-820B-6FFFE361BBC2}.Release|Any CPU.ActiveCfg = Release|Any CPU
		{FEE0EB31-0874-4FE6-820B-6FFFE361BBC2}.Release|Any CPU.Build.0 = Release|Any CPU
		{6822F11F-8B59-4021-A364-D1C122A7D8A3}.Debug|Any CPU.ActiveCfg = Debug|Any CPU
		{6822F11F-8B59-4021-A364-D1C122A7D8A3}.Debug|Any CPU.Build.0 = Debug|Any CPU
		{6822F11F-8B59-4021-A364-D1C122A7D8A3}.Release|Any CPU.ActiveCfg = Release|Any CPU
		{6822F11F-8B59-4021-A364-D1C122A7D8A3}.Release|Any CPU.Build.0 = Release|Any CPU
	EndGlobalSection
	GlobalSection(SolutionProperties) = preSolution
		HideSolutionNode = FALSE
	EndGlobalSection
EndGlobal
